
Microsoft Visual Studio Solution File, Format Version 12.00
# Visual Studio 15
VisualStudioVersion = 15.0.27428.2043
MinimumVisualStudioVersion = 10.0.40219.1
Project("{FAE04EC0-301F-11D3-BF4B-00C04F79EFBC}") = "Dice_App", "Dice_App\Dice_App.csproj", "{7920E06B-98CC-4FCD-BF16-E85218466072}"
EndProject
Global
	GlobalSection(SolutionConfigurationPlatforms) = preSolution
		Debug|Any CPU = Debug|Any CPU
		Release|Any CPU = Release|Any CPU
	EndGlobalSection
	GlobalSection(ProjectConfigurationPlatforms) = postSolution
		{7920E06B-98CC-4FCD-BF16-E85218466072}.Debug|Any CPU.ActiveCfg = Debug|Any CPU
		{7920E06B-98CC-4FCD-BF16-E85218466072}.Debug|Any CPU.Build.0 = Debug|Any CPU
		{7920E06B-98CC-4FCD-BF16-E85218466072}.Release|Any CPU.ActiveCfg = Release|Any CPU
		{7920E06B-98CC-4FCD-BF16-E85218466072}.Release|Any CPU.Build.0 = Release|Any CPU
	EndGlobalSection
	GlobalSection(SolutionProperties) = preSolution
		HideSolutionNode = FALSE
	EndGlobalSection
	GlobalSection(ExtensibilityGlobals) = postSolution
		SolutionGuid = {A5EF33E5-9110-4854-9DFF-B01F540A6702}
	EndGlobalSection
EndGlobal
